
Microsoft Visual Studio Solution File, Format Version 12.00
# Visual Studio Version 17
VisualStudioVersion = 17.8.34525.116
MinimumVisualStudioVersion = 10.0.40219.1
Project("{FAE04EC0-301F-11D3-BF4B-00C04F79EFBC}") = "AccountingApp", "AccountingApp\AccountingApp.csproj", "{9082CB03-9A69-47E6-AB5D-AD35B2595523}"
EndProject
Global
	GlobalSection(SolutionConfigurationPlatforms) = preSolution
		Debug|Any CPU = Debug|Any CPU
		Release|Any CPU = Release|Any CPU
	EndGlobalSection
	GlobalSection(ProjectConfigurationPlatforms) = postSolution
		{9082CB03-9A69-47E6-AB5D-AD35B2595523}.Debug|Any CPU.ActiveCfg = Debug|Any CPU
		{9082CB03-9A69-47E6-AB5D-AD35B2595523}.Debug|Any CPU.Build.0 = Debug|Any CPU
		{9082CB03-9A69-47E6-AB5D-AD35B2595523}.Release|Any CPU.ActiveCfg = Release|Any CPU
		{9082CB03-9A69-47E6-AB5D-AD35B2595523}.Release|Any CPU.Build.0 = Release|Any CPU
	EndGlobalSection
	GlobalSection(SolutionProperties) = preSolution
		HideSolutionNode = FALSE
	EndGlobalSection
	GlobalSection(ExtensibilityGlobals) = postSolution
		SolutionGuid = {4B07D24D-CB68-41DD-A6F4-26222841CE4E}
	EndGlobalSection
EndGlobal
